
Microsoft Visual Studio Solution File, Format Version 12.00
# Visual Studio Version 17
VisualStudioVersion = 17.5.33424.131
MinimumVisualStudioVersion = 10.0.40219.1
Project("{9A19103F-16F7-4668-BE54-9A1E7A4F7556}") = "SurveyApp.Web", "src\SurveyApp.Web\SurveyApp.Web.csproj", "{AF730685-531F-422E-97A1-04BD1B3B6A3C}"
EndProject
Project("{9A19103F-16F7-4668-BE54-9A1E7A4F7556}") = "SurveyApp.App", "src\SurveyApp.App\SurveyApp.App.csproj", "{29D7D71C-371F-4020-8BDD-E7D7AD074D03}"
EndProject
Project("{9A19103F-16F7-4668-BE54-9A1E7A4F7556}") = "SurveyApp.Data", "src\SurveyApp.Data\SurveyApp.Data.csproj", "{01FB3A8A-7B9A-459C-996E-FCB8B5BECF3B}"
EndProject
Project("{9A19103F-16F7-4668-BE54-9A1E7A4F7556}") = "SurveyApp", "src\SurveyApp\SurveyApp.csproj", "{4E51A08D-3666-41AC-B68C-1D940CE92746}"
EndProject
Project("{9A19103F-16F7-4668-BE54-9A1E7A4F7556}") = "SurveyApp.Test", "test\SurveyApp.Test\SurveyApp.Test.csproj", "{B4418E7C-C049-4F40-B336-F7EE4F4AAA3B}"
EndProject
Project("{54A90642-561A-4BB1-A94E-469ADEE60C69}") = "survey-app", "src\survey-app\survey-app.esproj", "{B345E357-8E58-4270-8187-700B5F551866}"
EndProject
Global
	GlobalSection(SolutionConfigurationPlatforms) = preSolution
		Debug|Any CPU = Debug|Any CPU
		Release|Any CPU = Release|Any CPU
	EndGlobalSection
	GlobalSection(ProjectConfigurationPlatforms) = postSolution
		{AF730685-531F-422E-97A1-04BD1B3B6A3C}.Debug|Any CPU.ActiveCfg = Debug|Any CPU
		{AF730685-531F-422E-97A1-04BD1B3B6A3C}.Debug|Any CPU.Build.0 = Debug|Any CPU
		{AF730685-531F-422E-97A1-04BD1B3B6A3C}.Release|Any CPU.ActiveCfg = Release|Any CPU
		{AF730685-531F-422E-97A1-04BD1B3B6A3C}.Release|Any CPU.Build.0 = Release|Any CPU
		{29D7D71C-371F-4020-8BDD-E7D7AD074D03}.Debug|Any CPU.ActiveCfg = Debug|Any CPU
		{29D7D71C-371F-4020-8BDD-E7D7AD074D03}.Debug|Any CPU.Build.0 = Debug|Any CPU
		{29D7D71C-371F-4020-8BDD-E7D7AD074D03}.Release|Any CPU.ActiveCfg = Release|Any CPU
		{29D7D71C-371F-4020-8BDD-E7D7AD074D03}.Release|Any CPU.Build.0 = Release|Any CPU
		{01FB3A8A-7B9A-459C-996E-FCB8B5BECF3B}.Debug|Any CPU.ActiveCfg = Debug|Any CPU
		{01FB3A8A-7B9A-459C-996E-FCB8B5BECF3B}.Debug|Any CPU.Build.0 = Debug|Any CPU
		{01FB3A8A-7B9A-459C-996E-FCB8B5BECF3B}.Release|Any CPU.ActiveCfg = Release|Any CPU
		{01FB3A8A-7B9A-459C-996E-FCB8B5BECF3B}.Release|Any CPU.Build.0 = Release|Any CPU
		{4E51A08D-3666-41AC-B68C-1D940CE92746}.Debug|Any CPU.ActiveCfg = Debug|Any CPU
		{4E51A08D-3666-41AC-B68C-1D940CE92746}.Debug|Any CPU.Build.0 = Debug|Any CPU
		{4E51A08D-3666-41AC-B68C-1D940CE92746}.Release|Any CPU.ActiveCfg = Release|Any CPU
		{4E51A08D-3666-41AC-B68C-1D940CE92746}.Release|Any CPU.Build.0 = Release|Any CPU
		{B4418E7C-C049-4F40-B336-F7EE4F4AAA3B}.Debug|Any CPU.ActiveCfg = Debug|Any CPU
		{B4418E7C-C049-4F40-B336-F7EE4F4AAA3B}.Debug|Any CPU.Build.0 = Debug|Any CPU
		{B4418E7C-C049-4F40-B336-F7EE4F4AAA3B}.Release|Any CPU.ActiveCfg = Release|Any CPU
		{B4418E7C-C049-4F40-B336-F7EE4F4AAA3B}.Release|Any CPU.Build.0 = Release|Any CPU
		{B345E357-8E58-4270-8187-700B5F551866}.Debug|Any CPU.ActiveCfg = Debug|Any CPU
		{B345E357-8E58-4270-8187-700B5F551866}.Debug|Any CPU.Build.0 = Debug|Any CPU
		{B345E357-8E58-4270-8187-700B5F551866}.Debug|Any CPU.Deploy.0 = Debug|Any CPU
		{B345E357-8E58-4270-8187-700B5F551866}.Release|Any CPU.ActiveCfg = Release|Any CPU
		{B345E357-8E58-4270-8187-700B5F551866}.Release|Any CPU.Build.0 = Release|Any CPU
		{B345E357-8E58-4270-8187-700B5F551866}.Release|Any CPU.Deploy.0 = Release|Any CPU
	EndGlobalSection
	GlobalSection(SolutionProperties) = preSolution
		HideSolutionNode = FALSE
	EndGlobalSection
	GlobalSection(ExtensibilityGlobals) = postSolution
		SolutionGuid = {D3CDD3ED-75D1-4A07-8393-257017B11E93}
	EndGlobalSection
EndGlobal
